
Microsoft Visual Studio Solution File, Format Version 11.00
# Visual Studio 2010
Project("{FAE04EC0-301F-11D3-BF4B-00C04F79EFBC}") = "BlackOut", "BlackOut\BlackOut.csproj", "{D6D88769-9A5A-48B6-94C6-A472CAB379BF}"
EndProject
Project("{2150E333-8FDC-42A3-9474-1A3956D46DE8}") = "Solution Items", "Solution Items", "{FE6A8930-F18B-4B73-903B-A0F5D8C52A65}"
	ProjectSection(SolutionItems) = preProject
		BlackOut.vsmdi = BlackOut.vsmdi
	EndProjectSection
EndProject
Global
	GlobalSection(TestCaseManagementSettings) = postSolution
		CategoryFile = BlackOut.vsmdi
	EndGlobalSection
	GlobalSection(SolutionConfigurationPlatforms) = preSolution
		Debug|Any CPU = Debug|Any CPU
		Release|Any CPU = Release|Any CPU
	EndGlobalSection
	GlobalSection(ProjectConfigurationPlatforms) = postSolution
		{D6D88769-9A5A-48B6-94C6-A472CAB379BF}.Debug|Any CPU.ActiveCfg = Debug|Any CPU
		{D6D88769-9A5A-48B6-94C6-A472CAB379BF}.Debug|Any CPU.Build.0 = Debug|Any CPU
		{D6D88769-9A5A-48B6-94C6-A472CAB379BF}.Debug|Any CPU.Deploy.0 = Debug|Any CPU
		{D6D88769-9A5A-48B6-94C6-A472CAB379BF}.Release|Any CPU.ActiveCfg = Release|Any CPU
		{D6D88769-9A5A-48B6-94C6-A472CAB379BF}.Release|Any CPU.Build.0 = Release|Any CPU
		{D6D88769-9A5A-48B6-94C6-A472CAB379BF}.Release|Any CPU.Deploy.0 = Release|Any CPU
	EndGlobalSection
	GlobalSection(SolutionProperties) = preSolution
		HideSolutionNode = FALSE
	EndGlobalSection
EndGlobal
